
Microsoft Visual Studio Solution File, Format Version 12.00
# Visual Studio 15
VisualStudioVersion = 15.0.26730.12
MinimumVisualStudioVersion = 10.0.40219.1
Project("{9A19103F-16F7-4668-BE54-9A1E7A4F7556}") = "Forum.Web", "forum-app-demo\Forum.Web.csproj", "{F77EA640-3339-470F-B60E-60A3925ED849}"
EndProject
Project("{9A19103F-16F7-4668-BE54-9A1E7A4F7556}") = "Forum.Data", "Forum.Data\Forum.Data.csproj", "{D8A8621A-648F-47DC-A3FF-D61C107BAE9A}"
EndProject
Project("{9A19103F-16F7-4668-BE54-9A1E7A4F7556}") = "Forum.Service", "Forum.Service\Forum.Service.csproj", "{29966005-F378-47A7-866C-7C86A97E871E}"
EndProject
Project("{FAE04EC0-301F-11D3-BF4B-00C04F79EFBC}") = "Forum.Tests", "Forum.Tests\Forum.Tests.csproj", "{38E9A5DE-1F36-4DF6-AB98-97B77CB4FC12}"
EndProject
Global
	GlobalSection(SolutionConfigurationPlatforms) = preSolution
		Debug|Any CPU = Debug|Any CPU
		Development|Any CPU = Development|Any CPU
		Production|Any CPU = Production|Any CPU
		Release|Any CPU = Release|Any CPU
	EndGlobalSection
	GlobalSection(ProjectConfigurationPlatforms) = postSolution
		{F77EA640-3339-470F-B60E-60A3925ED849}.Debug|Any CPU.ActiveCfg = Debug|Any CPU
		{F77EA640-3339-470F-B60E-60A3925ED849}.Debug|Any CPU.Build.0 = Debug|Any CPU
		{F77EA640-3339-470F-B60E-60A3925ED849}.Development|Any CPU.ActiveCfg = Development|Any CPU
		{F77EA640-3339-470F-B60E-60A3925ED849}.Development|Any CPU.Build.0 = Development|Any CPU
		{F77EA640-3339-470F-B60E-60A3925ED849}.Production|Any CPU.ActiveCfg = Production|Any CPU
		{F77EA640-3339-470F-B60E-60A3925ED849}.Production|Any CPU.Build.0 = Production|Any CPU
		{F77EA640-3339-470F-B60E-60A3925ED849}.Release|Any CPU.ActiveCfg = Release|Any CPU
		{F77EA640-3339-470F-B60E-60A3925ED849}.Release|Any CPU.Build.0 = Release|Any CPU
		{D8A8621A-648F-47DC-A3FF-D61C107BAE9A}.Debug|Any CPU.ActiveCfg = Debug|Any CPU
		{D8A8621A-648F-47DC-A3FF-D61C107BAE9A}.Debug|Any CPU.Build.0 = Debug|Any CPU
		{D8A8621A-648F-47DC-A3FF-D61C107BAE9A}.Development|Any CPU.ActiveCfg = Development|Any CPU
		{D8A8621A-648F-47DC-A3FF-D61C107BAE9A}.Development|Any CPU.Build.0 = Development|Any CPU
		{D8A8621A-648F-47DC-A3FF-D61C107BAE9A}.Production|Any CPU.ActiveCfg = Production|Any CPU
		{D8A8621A-648F-47DC-A3FF-D61C107BAE9A}.Production|Any CPU.Build.0 = Production|Any CPU
		{D8A8621A-648F-47DC-A3FF-D61C107BAE9A}.Release|Any CPU.ActiveCfg = Release|Any CPU
		{D8A8621A-648F-47DC-A3FF-D61C107BAE9A}.Release|Any CPU.Build.0 = Release|Any CPU
		{29966005-F378-47A7-866C-7C86A97E871E}.Debug|Any CPU.ActiveCfg = Debug|Any CPU
		{29966005-F378-47A7-866C-7C86A97E871E}.Debug|Any CPU.Build.0 = Debug|Any CPU
		{29966005-F378-47A7-866C-7C86A97E871E}.Development|Any CPU.ActiveCfg = Development|Any CPU
		{29966005-F378-47A7-866C-7C86A97E871E}.Development|Any CPU.Build.0 = Development|Any CPU
		{29966005-F378-47A7-866C-7C86A97E871E}.Production|Any CPU.ActiveCfg = Debug|Any CPU
		{29966005-F378-47A7-866C-7C86A97E871E}.Production|Any CPU.Build.0 = Debug|Any CPU
		{29966005-F378-47A7-866C-7C86A97E871E}.Release|Any CPU.ActiveCfg = Release|Any CPU
		{29966005-F378-47A7-866C-7C86A97E871E}.Release|Any CPU.Build.0 = Release|Any CPU
		{38E9A5DE-1F36-4DF6-AB98-97B77CB4FC12}.Debug|Any CPU.ActiveCfg = Debug|Any CPU
		{38E9A5DE-1F36-4DF6-AB98-97B77CB4FC12}.Debug|Any CPU.Build.0 = Debug|Any CPU
		{38E9A5DE-1F36-4DF6-AB98-97B77CB4FC12}.Development|Any CPU.ActiveCfg = Debug|Any CPU
		{38E9A5DE-1F36-4DF6-AB98-97B77CB4FC12}.Development|Any CPU.Build.0 = Debug|Any CPU
		{38E9A5DE-1F36-4DF6-AB98-97B77CB4FC12}.Production|Any CPU.ActiveCfg = Debug|Any CPU
		{38E9A5DE-1F36-4DF6-AB98-97B77CB4FC12}.Production|Any CPU.Build.0 = Debug|Any CPU
		{38E9A5DE-1F36-4DF6-AB98-97B77CB4FC12}.Release|Any CPU.ActiveCfg = Release|Any CPU
		{38E9A5DE-1F36-4DF6-AB98-97B77CB4FC12}.Release|Any CPU.Build.0 = Release|Any CPU
	EndGlobalSection
	GlobalSection(SolutionProperties) = preSolution
		HideSolutionNode = FALSE
	EndGlobalSection
	GlobalSection(ExtensibilityGlobals) = postSolution
		SolutionGuid = {1B1BD966-D277-4E0B-BA2B-27DA5EB7E2F2}
	EndGlobalSection
EndGlobal
